
Microsoft Visual Studio Solution File, Format Version 12.00
# Visual Studio Version 17
VisualStudioVersion = 17.3.32519.111
MinimumVisualStudioVersion = 10.0.40219.1
Project("{9A19103F-16F7-4668-BE54-9A1E7A4F7556}") = "SampleProject", "SampleProject\SampleProject.csproj", "{6213BCDC-3E70-4A48-8B59-B529D4E6EE7F}"
EndProject
Project("{9A19103F-16F7-4668-BE54-9A1E7A4F7556}") = "w4TR1x.ViewTable", "w4TR1x.ViewTable\w4TR1x.ViewTable.csproj", "{E76429D2-9FFB-4CA0-9A88-DB3F4E51AA7C}"
EndProject
Project("{2150E333-8FDC-42A3-9474-1A3956D46DE8}") = "Solution Items", "Solution Items", "{8AC8F1BF-8AEA-41D8-B1C7-F9083001E8C8}"
	ProjectSection(SolutionItems) = preProject
		preview.png = preview.png
		preview2.png = preview2.png
	EndProjectSection
EndProject
Project("{9A19103F-16F7-4668-BE54-9A1E7A4F7556}") = "w4TR1x.ViewTable.Razor", "w4TR1x.ViewTable.Aspnet\w4TR1x.ViewTable.Razor.csproj", "{BFF40BF3-6F99-472E-AC21-C8BAC2DD9763}"
EndProject
Project("{9A19103F-16F7-4668-BE54-9A1E7A4F7556}") = "w4TR1x.ViewTable.Excel", "w4TR1x.ViewTable.Excel\w4TR1x.ViewTable.Excel.csproj", "{D5B496F5-19C9-44B3-91E7-9F150A9C9870}"
EndProject
Project("{9A19103F-16F7-4668-BE54-9A1E7A4F7556}") = "EPPlus", "EPPlus\EPPlus.csproj", "{09637DA1-42A2-406A-966A-EB6C4D04F6B8}"
EndProject
Global
	GlobalSection(SolutionConfigurationPlatforms) = preSolution
		Debug|Any CPU = Debug|Any CPU
		Release|Any CPU = Release|Any CPU
	EndGlobalSection
	GlobalSection(ProjectConfigurationPlatforms) = postSolution
		{6213BCDC-3E70-4A48-8B59-B529D4E6EE7F}.Debug|Any CPU.ActiveCfg = Debug|Any CPU
		{6213BCDC-3E70-4A48-8B59-B529D4E6EE7F}.Debug|Any CPU.Build.0 = Debug|Any CPU
		{6213BCDC-3E70-4A48-8B59-B529D4E6EE7F}.Release|Any CPU.ActiveCfg = Release|Any CPU
		{6213BCDC-3E70-4A48-8B59-B529D4E6EE7F}.Release|Any CPU.Build.0 = Release|Any CPU
		{E76429D2-9FFB-4CA0-9A88-DB3F4E51AA7C}.Debug|Any CPU.ActiveCfg = Debug|Any CPU
		{E76429D2-9FFB-4CA0-9A88-DB3F4E51AA7C}.Debug|Any CPU.Build.0 = Debug|Any CPU
		{E76429D2-9FFB-4CA0-9A88-DB3F4E51AA7C}.Release|Any CPU.ActiveCfg = Release|Any CPU
		{E76429D2-9FFB-4CA0-9A88-DB3F4E51AA7C}.Release|Any CPU.Build.0 = Release|Any CPU
		{BFF40BF3-6F99-472E-AC21-C8BAC2DD9763}.Debug|Any CPU.ActiveCfg = Debug|Any CPU
		{BFF40BF3-6F99-472E-AC21-C8BAC2DD9763}.Debug|Any CPU.Build.0 = Debug|Any CPU
		{BFF40BF3-6F99-472E-AC21-C8BAC2DD9763}.Release|Any CPU.ActiveCfg = Release|Any CPU
		{BFF40BF3-6F99-472E-AC21-C8BAC2DD9763}.Release|Any CPU.Build.0 = Release|Any CPU
		{D5B496F5-19C9-44B3-91E7-9F150A9C9870}.Debug|Any CPU.ActiveCfg = Debug|Any CPU
		{D5B496F5-19C9-44B3-91E7-9F150A9C9870}.Debug|Any CPU.Build.0 = Debug|Any CPU
		{D5B496F5-19C9-44B3-91E7-9F150A9C9870}.Release|Any CPU.ActiveCfg = Release|Any CPU
		{D5B496F5-19C9-44B3-91E7-9F150A9C9870}.Release|Any CPU.Build.0 = Release|Any CPU
		{09637DA1-42A2-406A-966A-EB6C4D04F6B8}.Debug|Any CPU.ActiveCfg = Debug|Any CPU
		{09637DA1-42A2-406A-966A-EB6C4D04F6B8}.Debug|Any CPU.Build.0 = Debug|Any CPU
		{09637DA1-42A2-406A-966A-EB6C4D04F6B8}.Release|Any CPU.ActiveCfg = Release|Any CPU
		{09637DA1-42A2-406A-966A-EB6C4D04F6B8}.Release|Any CPU.Build.0 = Release|Any CPU
	EndGlobalSection
	GlobalSection(SolutionProperties) = preSolution
		HideSolutionNode = FALSE
	EndGlobalSection
	GlobalSection(ExtensibilityGlobals) = postSolution
		SolutionGuid = {80B30BB4-C973-4347-A6FB-30F01DA6F59C}
	EndGlobalSection
EndGlobal
